speakeasyVersion: 1.791.4
sources:
    Squadcast:
        sourceNamespace: squadcast
        sourceRevisionDigest: sha256:bf37c86347c1dbc5aae19794d96971388e4624410f4d3c61c4f9e259b9372d4c
        sourceBlobDigest: sha256:57cd577de9ddc3ff6d144aebdeb3e1b17e695692ee107ab994eb32dc01ed41aa
        tags:
            - latest
            - 1.0.0
targets:
    squadcast-sdk:
        source: Squadcast
        sourceNamespace: squadcast
        sourceRevisionDigest: sha256:bf37c86347c1dbc5aae19794d96971388e4624410f4d3c61c4f9e259b9372d4c
        sourceBlobDigest: sha256:57cd577de9ddc3ff6d144aebdeb3e1b17e695692ee107ab994eb32dc01ed41aa
        codeSamplesNamespace: squadcast-go-code-samples
        codeSamplesRevisionDigest: sha256:5a9ef2228847bd9dee0e96377f5c734913c41bc5b50c22461c8cf3dd13025eb0
workflow:
    workflowVersion: 1.0.0
    speakeasyVersion: latest
    sources:
        Squadcast:
            inputs:
                - location: https://raw.githubusercontent.com/solarwinds-cloud/sq-squadcast-public-api-docs/main/build/openapi3/openapi.json
                  authHeader: Authorization
                  authSecret: $openapi_doc_auth_token
            overlays:
                - location: .speakeasy/overlay.openapi.yaml
            output: .speakeasy/out.openapi.yaml
            registry:
                location: registry.speakeasyapi.dev/swo/incident-response/squadcast
    targets:
        squadcast-sdk:
            target: go
            source: Squadcast
            output: .
            codeSamples:
                registry:
                    location: registry.speakeasyapi.dev/swo/incident-response/squadcast-go-code-samples
                labelOverride:
                    fixedValue: Go (SDK)
                blocking: false
            testing:
                enabled: false
