speakeasyVersion: 1.759.1
sources:
    Squadcast:
        sourceNamespace: squadcast
        sourceRevisionDigest: sha256:e318cd0a5d9724f60943f7c070d31a3f253ac5d3585d16343e838831a69a409a
        sourceBlobDigest: sha256:b1831ebe1a55ff3bb2b5d27f908bb19dcbbe03ecac444a34269a09b5116f9a67
        tags:
            - latest
            - 1.0.0
targets:
    squadcast-sdk:
        source: Squadcast
        sourceNamespace: squadcast
        sourceRevisionDigest: sha256:e318cd0a5d9724f60943f7c070d31a3f253ac5d3585d16343e838831a69a409a
        sourceBlobDigest: sha256:b1831ebe1a55ff3bb2b5d27f908bb19dcbbe03ecac444a34269a09b5116f9a67
        codeSamplesNamespace: squadcast-go-code-samples
        codeSamplesRevisionDigest: sha256:3727aedae413827a81d25dae1e4657697e386f8d10014f7b94e3ce02e3445089
workflow:
    workflowVersion: 1.0.0
    speakeasyVersion: latest
    sources:
        Squadcast:
            inputs:
                - location: https://raw.githubusercontent.com/solarwinds-cloud/sq-squadcast-public-api-docs/main/build/openapi3/openapi.json
                  authHeader: Authorization
                  authSecret: $openapi_doc_auth_token
            overlays:
                - location: .speakeasy/overlay.openapi.yaml
            output: .speakeasy/out.openapi.yaml
            registry:
                location: registry.speakeasyapi.dev/swo/incident-response/squadcast
    targets:
        squadcast-sdk:
            target: go
            source: Squadcast
            output: .
            codeSamples:
                registry:
                    location: registry.speakeasyapi.dev/swo/incident-response/squadcast-go-code-samples
                labelOverride:
                    fixedValue: Go (SDK)
                blocking: false
            testing:
                enabled: false
